// !$*UTF8*$!
{
	archiveVersion = 1;
	classes = {
	};
	objectVersion = 50;
	objects = {

/* Begin PBXBuildFile section */
		B586BA9B257423B900C54D09 /* AppDelegate.swift in Sources */ = {isa = PBXBuildFile; fileRef = B586BA9A257423B900C54D09 /* AppDelegate.swift */; };
		B586BA9D257423B900C54D09 /* SceneDelegate.swift in Sources */ = {isa = PBXBuildFile; fileRef = B586BA9C257423B900C54D09 /* SceneDelegate.swift */; };
		B586BAA4257423BA00C54D09 /* Assets.xcassets in Resources */ = {isa = PBXBuildFile; fileRef = B586BAA3257423BA00C54D09 /* Assets.xcassets */; };
		B586BAA7257423BA00C54D09 /* LaunchScreen.storyboard in Resources */ = {isa = PBXBuildFile; fileRef = B586BAA5257423BA00C54D09 /* LaunchScreen.storyboard */; };
		B5A1079D257920E200AA5652 /* HomeViewControllerTests.swift in Sources */ = {isa = PBXBuildFile; fileRef = B5A10799257920E200AA5652 /* HomeViewControllerTests.swift */; };
		B5A1079E257920E200AA5652 /* HomeInteractorTests.swift in Sources */ = {isa = PBXBuildFile; fileRef = B5A1079A257920E200AA5652 /* HomeInteractorTests.swift */; };
		B5A1079F257920E200AA5652 /* HomeWorkerTests.swift in Sources */ = {isa = PBXBuildFile; fileRef = B5A1079B257920E200AA5652 /* HomeWorkerTests.swift */; };
		B5A107A0257920E200AA5652 /* HomePresenterTests.swift in Sources */ = {isa = PBXBuildFile; fileRef = B5A1079C257920E200AA5652 /* HomePresenterTests.swift */; };
		B5A107A9257922AE00AA5652 /* HomePresenterSpy.swift in Sources */ = {isa = PBXBuildFile; fileRef = B5A107A8257922AE00AA5652 /* HomePresenterSpy.swift */; };
		B5A107B12579238E00AA5652 /* HomeViewControllerSpy.swift in Sources */ = {isa = PBXBuildFile; fileRef = B5A107B02579238E00AA5652 /* HomeViewControllerSpy.swift */; };
		B5A107B6257923EB00AA5652 /* HomeInteractorSpy.swift in Sources */ = {isa = PBXBuildFile; fileRef = B5A107B5257923EB00AA5652 /* HomeInteractorSpy.swift */; };
		B5A107BB2579244B00AA5652 /* HomeWorkerSpy.swift in Sources */ = {isa = PBXBuildFile; fileRef = B5A107BA2579244B00AA5652 /* HomeWorkerSpy.swift */; };
		B5A107C0257924D100AA5652 /* HomeDataProviderSpy.swift in Sources */ = {isa = PBXBuildFile; fileRef = B5A107BF257924D100AA5652 /* HomeDataProviderSpy.swift */; };
		B5A107C62579259B00AA5652 /* HomeSeeds.swift in Sources */ = {isa = PBXBuildFile; fileRef = B5A107C52579259B00AA5652 /* HomeSeeds.swift */; };
		B5A107D52579917E00AA5652 /* ServiceErrorTests.swift in Sources */ = {isa = PBXBuildFile; fileRef = B5A107D42579917E00AA5652 /* ServiceErrorTests.swift */; };
		B5CA91A325742B4D00D65B66 /* HomePresenter.swift in Sources */ = {isa = PBXBuildFile; fileRef = B5CA919D25742B4D00D65B66 /* HomePresenter.swift */; };
		B5CA91A425742B4D00D65B66 /* HomeWorker.swift in Sources */ = {isa = PBXBuildFile; fileRef = B5CA919E25742B4D00D65B66 /* HomeWorker.swift */; };
		B5CA91A525742B4D00D65B66 /* HomeRouter.swift in Sources */ = {isa = PBXBuildFile; fileRef = B5CA919F25742B4D00D65B66 /* HomeRouter.swift */; };
		B5CA91A625742B4D00D65B66 /* HomeModels.swift in Sources */ = {isa = PBXBuildFile; fileRef = B5CA91A025742B4D00D65B66 /* HomeModels.swift */; };
		B5CA91A725742B4D00D65B66 /* HomeViewController.swift in Sources */ = {isa = PBXBuildFile; fileRef = B5CA91A125742B4D00D65B66 /* HomeViewController.swift */; };
		B5CA91A825742B4D00D65B66 /* HomeInteractor.swift in Sources */ = {isa = PBXBuildFile; fileRef = B5CA91A225742B4D00D65B66 /* HomeInteractor.swift */; };
		B5CA91B025743E2000D65B66 /* HomePhotoCollectionViewCell.swift in Sources */ = {isa = PBXBuildFile; fileRef = B5CA91AF25743E2000D65B66 /* HomePhotoCollectionViewCell.swift */; };
		B5CA91C425743F3D00D65B66 /* ViewCode.swift in Sources */ = {isa = PBXBuildFile; fileRef = B5CA91C325743F3D00D65B66 /* ViewCode.swift */; };
		B5CA91DE25744D3000D65B66 /* Home.storyboard in Resources */ = {isa = PBXBuildFile; fileRef = B586BAA0257423B900C54D09 /* Home.storyboard */; };
		B5CA91E32574543300D65B66 /* FlickrConstants.swift in Sources */ = {isa = PBXBuildFile; fileRef = B5CA91E22574543300D65B66 /* FlickrConstants.swift */; };
		B5CA91EC2574549E00D65B66 /* FlickrImage.swift in Sources */ = {isa = PBXBuildFile; fileRef = B5CA91EB2574549E00D65B66 /* FlickrImage.swift */; };
		B5CA91F225745BE200D65B66 /* ServiceError.swift in Sources */ = {isa = PBXBuildFile; fileRef = B5CA91F125745BE200D65B66 /* ServiceError.swift */; };
/* End PBXBuildFile section */

/* Begin PBXContainerItemProxy section */
		B586BAAE257423BA00C54D09 /* PBXContainerItemProxy */ = {
			isa = PBXContainerItemProxy;
			containerPortal = B586BA8F257423B900C54D09 /* Project object */;
			proxyType = 1;
			remoteGlobalIDString = B586BA96257423B900C54D09;
			remoteInfo = FlickrImageGallery;
		};
/* End PBXContainerItemProxy section */

/* Begin PBXFileReference section */
		B586BA97257423B900C54D09 /* FlickrImageGallery.app */ = {isa = PBXFileReference; explicitFileType = wrapper.application; includeInIndex = 0; path = FlickrImageGallery.app; sourceTree = BUILT_PRODUCTS_DIR; };
		B586BA9A257423B900C54D09 /* AppDelegate.swift */ = {isa = PBXFileReference; lastKnownFileType = sourcecode.swift; path = AppDelegate.swift; sourceTree = "<group>"; };
		B586BA9C257423B900C54D09 /* SceneDelegate.swift */ = {isa = PBXFileReference; lastKnownFileType = sourcecode.swift; path = SceneDelegate.swift; sourceTree = "<group>"; };
		B586BAA1257423B900C54D09 /* Base */ = {isa = PBXFileReference; lastKnownFileType = file.storyboard; name = Base; path = Base.lproj/Home.storyboard; sourceTree = "<group>"; };
		B586BAA3257423BA00C54D09 /* Assets.xcassets */ = {isa = PBXFileReference; lastKnownFileType = folder.assetcatalog; path = Assets.xcassets; sourceTree = "<group>"; };
		B586BAA6257423BA00C54D09 /* Base */ = {isa = PBXFileReference; lastKnownFileType = file.storyboard; name = Base; path = Base.lproj/LaunchScreen.storyboard; sourceTree = "<group>"; };
		B586BAA8257423BA00C54D09 /* Info.plist */ = {isa = PBXFileReference; lastKnownFileType = text.plist.xml; path = Info.plist; sourceTree = "<group>"; };
		B586BAAD257423BA00C54D09 /* FlickrImageGalleryTests.xctest */ = {isa = PBXFileReference; explicitFileType = wrapper.cfbundle; includeInIndex = 0; path = FlickrImageGalleryTests.xctest; sourceTree = BUILT_PRODUCTS_DIR; };
		B586BAB3257423BA00C54D09 /* Info.plist */ = {isa = PBXFileReference; lastKnownFileType = text.plist.xml; path = Info.plist; sourceTree = "<group>"; };
		B5A10799257920E200AA5652 /* HomeViewControllerTests.swift */ = {isa = PBXFileReference; lastKnownFileType = sourcecode.swift; path = HomeViewControllerTests.swift; sourceTree = "<group>"; };
		B5A1079A257920E200AA5652 /* HomeInteractorTests.swift */ = {isa = PBXFileReference; lastKnownFileType = sourcecode.swift; path = HomeInteractorTests.swift; sourceTree = "<group>"; };
		B5A1079B257920E200AA5652 /* HomeWorkerTests.swift */ = {isa = PBXFileReference; lastKnownFileType = sourcecode.swift; path = HomeWorkerTests.swift; sourceTree = "<group>"; };
		B5A1079C257920E200AA5652 /* HomePresenterTests.swift */ = {isa = PBXFileReference; lastKnownFileType = sourcecode.swift; path = HomePresenterTests.swift; sourceTree = "<group>"; };
		B5A107A8257922AE00AA5652 /* HomePresenterSpy.swift */ = {isa = PBXFileReference; lastKnownFileType = sourcecode.swift; path = HomePresenterSpy.swift; sourceTree = "<group>"; };
		B5A107B02579238E00AA5652 /* HomeViewControllerSpy.swift */ = {isa = PBXFileReference; lastKnownFileType = sourcecode.swift; path = HomeViewControllerSpy.swift; sourceTree = "<group>"; };
		B5A107B5257923EB00AA5652 /* HomeInteractorSpy.swift */ = {isa = PBXFileReference; lastKnownFileType = sourcecode.swift; path = HomeInteractorSpy.swift; sourceTree = "<group>"; };
		B5A107BA2579244B00AA5652 /* HomeWorkerSpy.swift */ = {isa = PBXFileReference; lastKnownFileType = sourcecode.swift; path = HomeWorkerSpy.swift; sourceTree = "<group>"; };
		B5A107BF257924D100AA5652 /* HomeDataProviderSpy.swift */ = {isa = PBXFileReference; lastKnownFileType = sourcecode.swift; path = HomeDataProviderSpy.swift; sourceTree = "<group>"; };
		B5A107C52579259B00AA5652 /* HomeSeeds.swift */ = {isa = PBXFileReference; lastKnownFileType = sourcecode.swift; path = HomeSeeds.swift; sourceTree = "<group>"; };
		B5A107D42579917E00AA5652 /* ServiceErrorTests.swift */ = {isa = PBXFileReference; lastKnownFileType = sourcecode.swift; path = ServiceErrorTests.swift; sourceTree = "<group>"; };
		B5CA919D25742B4D00D65B66 /* HomePresenter.swift */ = {isa = PBXFileReference; lastKnownFileType = sourcecode.swift; path = HomePresenter.swift; sourceTree = "<group>"; };
		B5CA919E25742B4D00D65B66 /* HomeWorker.swift */ = {isa = PBXFileReference; lastKnownFileType = sourcecode.swift; path = HomeWorker.swift; sourceTree = "<group>"; };
		B5CA919F25742B4D00D65B66 /* HomeRouter.swift */ = {isa = PBXFileReference; lastKnownFileType = sourcecode.swift; path = HomeRouter.swift; sourceTree = "<group>"; };
		B5CA91A025742B4D00D65B66 /* HomeModels.swift */ = {isa = PBXFileReference; lastKnownFileType = sourcecode.swift; path = HomeModels.swift; sourceTree = "<group>"; };
		B5CA91A125742B4D00D65B66 /* HomeViewController.swift */ = {isa = PBXFileReference; lastKnownFileType = sourcecode.swift; path = HomeViewController.swift; sourceTree = "<group>"; };
		B5CA91A225742B4D00D65B66 /* HomeInteractor.swift */ = {isa = PBXFileReference; lastKnownFileType = sourcecode.swift; path = HomeInteractor.swift; sourceTree = "<group>"; };
		B5CA91AF25743E2000D65B66 /* HomePhotoCollectionViewCell.swift */ = {isa = PBXFileReference; lastKnownFileType = sourcecode.swift; path = HomePhotoCollectionViewCell.swift; sourceTree = "<group>"; };
		B5CA91C325743F3D00D65B66 /* ViewCode.swift */ = {isa = PBXFileReference; lastKnownFileType = sourcecode.swift; path = ViewCode.swift; sourceTree = "<group>"; };
		B5CA91E22574543300D65B66 /* FlickrConstants.swift */ = {isa = PBXFileReference; lastKnownFileType = sourcecode.swift; path = FlickrConstants.swift; sourceTree = "<group>"; };
		B5CA91EB2574549E00D65B66 /* FlickrImage.swift */ = {isa = PBXFileReference; lastKnownFileType = sourcecode.swift; path = FlickrImage.swift; sourceTree = "<group>"; };
		B5CA91F125745BE200D65B66 /* ServiceError.swift */ = {isa = PBXFileReference; lastKnownFileType = sourcecode.swift; path = ServiceError.swift; sourceTree = "<group>"; };
/* End PBXFileReference section */

/* Begin PBXFrameworksBuildPhase section */
		B586BA94257423B900C54D09 /* Frameworks */ = {
			isa = PBXFrameworksBuildPhase;
			buildActionMask = 2147483647;
			files = (
			);
			runOnlyForDeploymentPostprocessing = 0;
		};
		B586BAAA257423BA00C54D09 /* Frameworks */ = {
			isa = PBXFrameworksBuildPhase;
			buildActionMask = 2147483647;
			files = (
			);
			runOnlyForDeploymentPostprocessing = 0;
		};
/* End PBXFrameworksBuildPhase section */

/* Begin PBXGroup section */
		B586BA8E257423B900C54D09 = {
			isa = PBXGroup;
			children = (
				B586BA99257423B900C54D09 /* FlickrImageGallery */,
				B586BAB0257423BA00C54D09 /* FlickrImageGalleryTests */,
				B586BA98257423B900C54D09 /* Products */,
			);
			sourceTree = "<group>";
		};
		B586BA98257423B900C54D09 /* Products */ = {
			isa = PBXGroup;
			children = (
				B586BA97257423B900C54D09 /* FlickrImageGallery.app */,
				B586BAAD257423BA00C54D09 /* FlickrImageGalleryTests.xctest */,
			);
			name = Products;
			sourceTree = "<group>";
		};
		B586BA99257423B900C54D09 /* FlickrImageGallery */ = {
			isa = PBXGroup;
			children = (
				B586BA9A257423B900C54D09 /* AppDelegate.swift */,
				B586BA9C257423B900C54D09 /* SceneDelegate.swift */,
				B586BAA3257423BA00C54D09 /* Assets.xcassets */,
				B586BAA5257423BA00C54D09 /* LaunchScreen.storyboard */,
				B586BAA8257423BA00C54D09 /* Info.plist */,
				B5CA91CD257448EA00D65B66 /* Scenes */,
				B5CA91C825743F4E00D65B66 /* Utils */,
			);
			path = FlickrImageGallery;
			sourceTree = "<group>";
		};
		B586BAB0257423BA00C54D09 /* FlickrImageGalleryTests */ = {
			isa = PBXGroup;
			children = (
				B5A107D32579916700AA5652 /* Utils */,
				B5A10797257920AC00AA5652 /* Scenes */,
				B586BAB3257423BA00C54D09 /* Info.plist */,
			);
			path = FlickrImageGalleryTests;
			sourceTree = "<group>";
		};
		B5A10797257920AC00AA5652 /* Scenes */ = {
			isa = PBXGroup;
			children = (
				B5A10798257920B500AA5652 /* Home */,
			);
			path = Scenes;
			sourceTree = "<group>";
		};
		B5A10798257920B500AA5652 /* Home */ = {
			isa = PBXGroup;
			children = (
				B5A107C42579258800AA5652 /* Seeds */,
				B5A107A72579227800AA5652 /* Spies */,
				B5A10799257920E200AA5652 /* HomeViewControllerTests.swift */,
				B5A1079A257920E200AA5652 /* HomeInteractorTests.swift */,
				B5A1079B257920E200AA5652 /* HomeWorkerTests.swift */,
				B5A1079C257920E200AA5652 /* HomePresenterTests.swift */,
			);
			path = Home;
			sourceTree = "<group>";
		};
		B5A107A72579227800AA5652 /* Spies */ = {
			isa = PBXGroup;
			children = (
				B5A107A8257922AE00AA5652 /* HomePresenterSpy.swift */,
				B5A107B02579238E00AA5652 /* HomeViewControllerSpy.swift */,
				B5A107B5257923EB00AA5652 /* HomeInteractorSpy.swift */,
				B5A107BA2579244B00AA5652 /* HomeWorkerSpy.swift */,
				B5A107BF257924D100AA5652 /* HomeDataProviderSpy.swift */,
			);
			path = Spies;
			sourceTree = "<group>";
		};
		B5A107C42579258800AA5652 /* Seeds */ = {
			isa = PBXGroup;
			children = (
				B5A107C52579259B00AA5652 /* HomeSeeds.swift */,
			);
			path = Seeds;
			sourceTree = "<group>";
		};
		B5A107D32579916700AA5652 /* Utils */ = {
			isa = PBXGroup;
			children = (
				B5A107D42579917E00AA5652 /* ServiceErrorTests.swift */,
			);
			path = Utils;
			sourceTree = "<group>";
		};
		B5CA91C825743F4E00D65B66 /* Utils */ = {
			isa = PBXGroup;
			children = (
				B5CA91C325743F3D00D65B66 /* ViewCode.swift */,
				B5CA91F125745BE200D65B66 /* ServiceError.swift */,
			);
			path = Utils;
			sourceTree = "<group>";
		};
		B5CA91CC257448E300D65B66 /* Cell */ = {
			isa = PBXGroup;
			children = (
				B5CA91AF25743E2000D65B66 /* HomePhotoCollectionViewCell.swift */,
			);
			path = Cell;
			sourceTree = "<group>";
		};
		B5CA91CD257448EA00D65B66 /* Scenes */ = {
			isa = PBXGroup;
			children = (
				B5CA91CE2574490200D65B66 /* Home */,
			);
			path = Scenes;
			sourceTree = "<group>";
		};
		B5CA91CE2574490200D65B66 /* Home */ = {
			isa = PBXGroup;
			children = (
				B5CA919D25742B4D00D65B66 /* HomePresenter.swift */,
				B5CA919E25742B4D00D65B66 /* HomeWorker.swift */,
				B5CA919F25742B4D00D65B66 /* HomeRouter.swift */,
				B5CA91A025742B4D00D65B66 /* HomeModels.swift */,
				B5CA91A125742B4D00D65B66 /* HomeViewController.swift */,
				B5CA91A225742B4D00D65B66 /* HomeInteractor.swift */,
				B586BAA0257423B900C54D09 /* Home.storyboard */,
				B5CA91CC257448E300D65B66 /* Cell */,
				B5CA91E72574543A00D65B66 /* Service */,
			);
			path = Home;
			sourceTree = "<group>";
		};
		B5CA91E72574543A00D65B66 /* Service */ = {
			isa = PBXGroup;
			children = (
				B5CA91E22574543300D65B66 /* FlickrConstants.swift */,
				B5CA91EB2574549E00D65B66 /* FlickrImage.swift */,
			);
			path = Service;
			sourceTree = "<group>";
		};
/* End PBXGroup section */

/* Begin PBXNativeTarget section */
		B586BA96257423B900C54D09 /* FlickrImageGallery */ = {
			isa = PBXNativeTarget;
			buildConfigurationList = B586BAC1257423BA00C54D09 /* Build configuration list for PBXNativeTarget "FlickrImageGallery" */;
			buildPhases = (
				B586BA93257423B900C54D09 /* Sources */,
				B586BA94257423B900C54D09 /* Frameworks */,
				B586BA95257423B900C54D09 /* Resources */,
			);
			buildRules = (
			);
			dependencies = (
			);
			name = FlickrImageGallery;
			productName = FlickrImageGallery;
			productReference = B586BA97257423B900C54D09 /* FlickrImageGallery.app */;
			productType = "com.apple.product-type.application";
		};
		B586BAAC257423BA00C54D09 /* FlickrImageGalleryTests */ = {
			isa = PBXNativeTarget;
			buildConfigurationList = B586BAC4257423BA00C54D09 /* Build configuration list for PBXNativeTarget "FlickrImageGalleryTests" */;
			buildPhases = (
				B586BAA9257423BA00C54D09 /* Sources */,
				B586BAAA257423BA00C54D09 /* Frameworks */,
				B586BAAB257423BA00C54D09 /* Resources */,
			);
			buildRules = (
			);
			dependencies = (
				B586BAAF257423BA00C54D09 /* PBXTargetDependency */,
			);
			name = FlickrImageGalleryTests;
			productName = FlickrImageGalleryTests;
			productReference = B586BAAD257423BA00C54D09 /* FlickrImageGalleryTests.xctest */;
			productType = "com.apple.product-type.bundle.unit-test";
		};
/* End PBXNativeTarget section */

/* Begin PBXProject section */
		B586BA8F257423B900C54D09 /* Project object */ = {
			isa = PBXProject;
			attributes = {
				LastSwiftUpdateCheck = 1210;
				LastUpgradeCheck = 1210;
				TargetAttributes = {
					B586BA96257423B900C54D09 = {
						CreatedOnToolsVersion = 12.1;
					};
					B586BAAC257423BA00C54D09 = {
						CreatedOnToolsVersion = 12.1;
						TestTargetID = B586BA96257423B900C54D09;
					};
				};
			};
			buildConfigurationList = B586BA92257423B900C54D09 /* Build configuration list for PBXProject "FlickrImageGallery" */;
			compatibilityVersion = "Xcode 9.3";
			developmentRegion = en;
			hasScannedForEncodings = 0;
			knownRegions = (
				en,
				Base,
			);
			mainGroup = B586BA8E257423B900C54D09;
			productRefGroup = B586BA98257423B900C54D09 /* Products */;
			projectDirPath = "";
			projectRoot = "";
			targets = (
				B586BA96257423B900C54D09 /* FlickrImageGallery */,
				B586BAAC257423BA00C54D09 /* FlickrImageGalleryTests */,
			);
		};
/* End PBXProject section */

/* Begin PBXResourcesBuildPhase section */
		B586BA95257423B900C54D09 /* Resources */ = {
			isa = PBXResourcesBuildPhase;
			buildActionMask = 2147483647;
			files = (
				B5CA91DE25744D3000D65B66 /* Home.storyboard in Resources */,
				B586BAA7257423BA00C54D09 /* LaunchScreen.storyboard in Resources */,
				B586BAA4257423BA00C54D09 /* Assets.xcassets in Resources */,
			);
			runOnlyForDeploymentPostprocessing = 0;
		};
		B586BAAB257423BA00C54D09 /* Resources */ = {
			isa = PBXResourcesBuildPhase;
			buildActionMask = 2147483647;
			files = (
			);
			runOnlyForDeploymentPostprocessing = 0;
		};
/* End PBXResourcesBuildPhase section */

/* Begin PBXSourcesBuildPhase section */
		B586BA93257423B900C54D09 /* Sources */ = {
			isa = PBXSourcesBuildPhase;
			buildActionMask = 2147483647;
			files = (
				B5CA91A525742B4D00D65B66 /* HomeRouter.swift in Sources */,
				B586BA9B257423B900C54D09 /* AppDelegate.swift in Sources */,
				B5CA91EC2574549E00D65B66 /* FlickrImage.swift in Sources */,
				B5CA91A725742B4D00D65B66 /* HomeViewController.swift in Sources */,
				B5CA91E32574543300D65B66 /* FlickrConstants.swift in Sources */,
				B586BA9D257423B900C54D09 /* SceneDelegate.swift in Sources */,
				B5CA91B025743E2000D65B66 /* HomePhotoCollectionViewCell.swift in Sources */,
				B5CA91A425742B4D00D65B66 /* HomeWorker.swift in Sources */,
				B5CA91F225745BE200D65B66 /* ServiceError.swift in Sources */,
				B5CA91A825742B4D00D65B66 /* HomeInteractor.swift in Sources */,
				B5CA91C425743F3D00D65B66 /* ViewCode.swift in Sources */,
				B5CA91A325742B4D00D65B66 /* HomePresenter.swift in Sources */,
				B5CA91A625742B4D00D65B66 /* HomeModels.swift in Sources */,
			);
			runOnlyForDeploymentPostprocessing = 0;
		};
		B586BAA9257423BA00C54D09 /* Sources */ = {
			isa = PBXSourcesBuildPhase;
			buildActionMask = 2147483647;
			files = (
				B5A1079E257920E200AA5652 /* HomeInteractorTests.swift in Sources */,
				B5A107B6257923EB00AA5652 /* HomeInteractorSpy.swift in Sources */,
				B5A107A9257922AE00AA5652 /* HomePresenterSpy.swift in Sources */,
				B5A107C0257924D100AA5652 /* HomeDataProviderSpy.swift in Sources */,
				B5A1079F257920E200AA5652 /* HomeWorkerTests.swift in Sources */,
				B5A107C62579259B00AA5652 /* HomeSeeds.swift in Sources */,
				B5A107B12579238E00AA5652 /* HomeViewControllerSpy.swift in Sources */,
				B5A107A0257920E200AA5652 /* HomePresenterTests.swift in Sources */,
				B5A107BB2579244B00AA5652 /* HomeWorkerSpy.swift in Sources */,
				B5A107D52579917E00AA5652 /* ServiceErrorTests.swift in Sources */,
				B5A1079D257920E200AA5652 /* HomeViewControllerTests.swift in Sources */,
			);
			runOnlyForDeploymentPostprocessing = 0;
		};
/* End PBXSourcesBuildPhase section */

/* Begin PBXTargetDependency section */
		B586BAAF257423BA00C54D09 /* PBXTargetDependency */ = {
			isa = PBXTargetDependency;
			target = B586BA96257423B900C54D09 /* FlickrImageGallery */;
			targetProxy = B586BAAE257423BA00C54D09 /* PBXContainerItemProxy */;
		};
/* End PBXTargetDependency section */

/* Begin PBXVariantGroup section */
		B586BAA0257423B900C54D09 /* Home.storyboard */ = {
			isa = PBXVariantGroup;
			children = (
				B586BAA1257423B900C54D09 /* Base */,
			);
			name = Home.storyboard;
			sourceTree = "<group>";
		};
		B586BAA5257423BA00C54D09 /* LaunchScreen.storyboard */ = {
			isa = PBXVariantGroup;
			children = (
				B586BAA6257423BA00C54D09 /* Base */,
			);
			name = LaunchScreen.storyboard;
			sourceTree = "<group>";
		};
/* End PBXVariantGroup section */

/* Begin XCBuildConfiguration section */
		B586BABF257423BA00C54D09 /* Debug */ = {
			isa = XCBuildConfiguration;
			buildSettings = {
				ALWAYS_SEARCH_USER_PATHS = NO;
				CLANG_ANALYZER_NONNULL = YES;
				CLANG_ANALYZER_NUMBER_OBJECT_CONVERSION = YES_AGGRESSIVE;
				CLANG_CXX_LANGUAGE_STANDARD = "gnu++14";
				CLANG_CXX_LIBRARY = "libc++";
				CLANG_ENABLE_MODULES = YES;
				CLANG_ENABLE_OBJC_ARC = YES;
				CLANG_ENABLE_OBJC_WEAK = YES;
				CLANG_WARN_BLOCK_CAPTURE_AUTORELEASING = YES;
				CLANG_WARN_BOOL_CONVERSION = YES;
				CLANG_WARN_COMMA = YES;
				CLANG_WARN_CONSTANT_CONVERSION = YES;
				CLANG_WARN_DEPRECATED_OBJC_IMPLEMENTATIONS = YES;
				CLANG_WARN_DIRECT_OBJC_ISA_USAGE = YES_ERROR;
				CLANG_WARN_DOCUMENTATION_COMMENTS = YES;
				CLANG_WARN_EMPTY_BODY = YES;
				CLANG_WARN_ENUM_CONVERSION = YES;
				CLANG_WARN_INFINITE_RECURSION = YES;
				CLANG_WARN_INT_CONVERSION = YES;
				CLANG_WARN_NON_LITERAL_NULL_CONVERSION = YES;
				CLANG_WARN_OBJC_IMPLICIT_RETAIN_SELF = YES;
				CLANG_WARN_OBJC_LITERAL_CONVERSION = YES;
				CLANG_WARN_OBJC_ROOT_CLASS = YES_ERROR;
				CLANG_WARN_QUOTED_INCLUDE_IN_FRAMEWORK_HEADER = YES;
				CLANG_WARN_RANGE_LOOP_ANALYSIS = YES;
				CLANG_WARN_STRICT_PROTOTYPES = YES;
				CLANG_WARN_SUSPICIOUS_MOVE = YES;
				CLANG_WARN_UNGUARDED_AVAILABILITY = YES_AGGRESSIVE;
				CLANG_WARN_UNREACHABLE_CODE = YES;
				CLANG_WARN__DUPLICATE_METHOD_MATCH = YES;
				COPY_PHASE_STRIP = NO;
				DEBUG_INFORMATION_FORMAT = dwarf;
				ENABLE_STRICT_OBJC_MSGSEND = YES;
				ENABLE_TESTABILITY = YES;
				GCC_C_LANGUAGE_STANDARD = gnu11;
				GCC_DYNAMIC_NO_PIC = NO;
				GCC_NO_COMMON_BLOCKS = YES;
				GCC_OPTIMIZATION_LEVEL = 0;
				GCC_PREPROCESSOR_DEFINITIONS = (
					"DEBUG=1",
					"$(inherited)",
				);
				GCC_WARN_64_TO_32_BIT_CONVERSION = YES;
				GCC_WARN_ABOUT_RETURN_TYPE = YES_ERROR;
				GCC_WARN_UNDECLARED_SELECTOR = YES;
				GCC_WARN_UNINITIALIZED_AUTOS = YES_AGGRESSIVE;
				GCC_WARN_UNUSED_FUNCTION = YES;
				GCC_WARN_UNUSED_VARIABLE = YES;
				IPHONEOS_DEPLOYMENT_TARGET = 14.1;
				MTL_ENABLE_DEBUG_INFO = INCLUDE_SOURCE;
				MTL_FAST_MATH = YES;
				ONLY_ACTIVE_ARCH = YES;
				SDKROOT = iphoneos;
				SWIFT_ACTIVE_COMPILATION_CONDITIONS = DEBUG;
				SWIFT_OPTIMIZATION_LEVEL = "-Onone";
			};
			name = Debug;
		};
		B586BAC0257423BA00C54D09 /* Release */ = {
			isa = XCBuildConfiguration;
			buildSettings = {
				ALWAYS_SEARCH_USER_PATHS = NO;
				CLANG_ANALYZER_NONNULL = YES;
				CLANG_ANALYZER_NUMBER_OBJECT_CONVERSION = YES_AGGRESSIVE;
				CLANG_CXX_LANGUAGE_STANDARD = "gnu++14";
				CLANG_CXX_LIBRARY = "libc++";
				CLANG_ENABLE_MODULES = YES;
				CLANG_ENABLE_OBJC_ARC = YES;
				CLANG_ENABLE_OBJC_WEAK = YES;
				CLANG_WARN_BLOCK_CAPTURE_AUTORELEASING = YES;
				CLANG_WARN_BOOL_CONVERSION = YES;
				CLANG_WARN_COMMA = YES;
				CLANG_WARN_CONSTANT_CONVERSION = YES;
				CLANG_WARN_DEPRECATED_OBJC_IMPLEMENTATIONS = YES;
				CLANG_WARN_DIRECT_OBJC_ISA_USAGE = YES_ERROR;
				CLANG_WARN_DOCUMENTATION_COMMENTS = YES;
				CLANG_WARN_EMPTY_BODY = YES;
				CLANG_WARN_ENUM_CONVERSION = YES;
				CLANG_WARN_INFINITE_RECURSION = YES;
				CLANG_WARN_INT_CONVERSION = YES;
				CLANG_WARN_NON_LITERAL_NULL_CONVERSION = YES;
				CLANG_WARN_OBJC_IMPLICIT_RETAIN_SELF = YES;
				CLANG_WARN_OBJC_LITERAL_CONVERSION = YES;
				CLANG_WARN_OBJC_ROOT_CLASS = YES_ERROR;
				CLANG_WARN_QUOTED_INCLUDE_IN_FRAMEWORK_HEADER = YES;
				CLANG_WARN_RANGE_LOOP_ANALYSIS = YES;
				CLANG_WARN_STRICT_PROTOTYPES = YES;
				CLANG_WARN_SUSPICIOUS_MOVE = YES;
				CLANG_WARN_UNGUARDED_AVAILABILITY = YES_AGGRESSIVE;
				CLANG_WARN_UNREACHABLE_CODE = YES;
				CLANG_WARN__DUPLICATE_METHOD_MATCH = YES;
				COPY_PHASE_STRIP = NO;
				DEBUG_INFORMATION_FORMAT = "dwarf-with-dsym";
				ENABLE_NS_ASSERTIONS = NO;
				ENABLE_STRICT_OBJC_MSGSEND = YES;
				GCC_C_LANGUAGE_STANDARD = gnu11;
				GCC_NO_COMMON_BLOCKS = YES;
				GCC_WARN_64_TO_32_BIT_CONVERSION = YES;
				GCC_WARN_ABOUT_RETURN_TYPE = YES_ERROR;
				GCC_WARN_UNDECLARED_SELECTOR = YES;
				GCC_WARN_UNINITIALIZED_AUTOS = YES_AGGRESSIVE;
				GCC_WARN_UNUSED_FUNCTION = YES;
				GCC_WARN_UNUSED_VARIABLE = YES;
				IPHONEOS_DEPLOYMENT_TARGET = 14.1;
				MTL_ENABLE_DEBUG_INFO = NO;
				MTL_FAST_MATH = YES;
				SDKROOT = iphoneos;
				SWIFT_COMPILATION_MODE = wholemodule;
				SWIFT_OPTIMIZATION_LEVEL = "-O";
				VALIDATE_PRODUCT = YES;
			};
			name = Release;
		};
		B586BAC2257423BA00C54D09 /* Debug */ = {
			isa = XCBuildConfiguration;
			buildSettings = {
				ASSETCATALOG_COMPILER_APPICON_NAME = AppIcon;
				ASSETCATALOG_COMPILER_GLOBAL_ACCENT_COLOR_NAME = AccentColor;
				CODE_SIGN_STYLE = Automatic;
				DEVELOPMENT_TEAM = SGK9UE4P7G;
				INFOPLIST_FILE = FlickrImageGallery/Info.plist;
				LD_RUNPATH_SEARCH_PATHS = (
					"$(inherited)",
					"@executable_path/Frameworks",
				);
				PRODUCT_BUNDLE_IDENTIFIER = gabrieltargon.FlickrImageGallery;
				PRODUCT_NAME = "$(TARGET_NAME)";
				SWIFT_VERSION = 5.0;
				TARGETED_DEVICE_FAMILY = "1,2";
			};
			name = Debug;
		};
		B586BAC3257423BA00C54D09 /* Release */ = {
			isa = XCBuildConfiguration;
			buildSettings = {
				ASSETCATALOG_COMPILER_APPICON_NAME = AppIcon;
				ASSETCATALOG_COMPILER_GLOBAL_ACCENT_COLOR_NAME = AccentColor;
				CODE_SIGN_STYLE = Automatic;
				DEVELOPMENT_TEAM = SGK9UE4P7G;
				INFOPLIST_FILE = FlickrImageGallery/Info.plist;
				LD_RUNPATH_SEARCH_PATHS = (
					"$(inherited)",
					"@executable_path/Frameworks",
				);
				PRODUCT_BUNDLE_IDENTIFIER = gabrieltargon.FlickrImageGallery;
				PRODUCT_NAME = "$(TARGET_NAME)";
				SWIFT_VERSION = 5.0;
				TARGETED_DEVICE_FAMILY = "1,2";
			};
			name = Release;
		};
		B586BAC5257423BA00C54D09 /* Debug */ = {
			isa = XCBuildConfiguration;
			buildSettings = {
				ALWAYS_EMBED_SWIFT_STANDARD_LIBRARIES = YES;
				BUNDLE_LOADER = "$(TEST_HOST)";
				CODE_SIGN_STYLE = Automatic;
				DEVELOPMENT_TEAM = SGK9UE4P7G;
				INFOPLIST_FILE = FlickrImageGalleryTests/Info.plist;
				IPHONEOS_DEPLOYMENT_TARGET = 14.1;
				LD_RUNPATH_SEARCH_PATHS = (
					"$(inherited)",
					"@executable_path/Frameworks",
					"@loader_path/Frameworks",
				);
				PRODUCT_BUNDLE_IDENTIFIER = gabrieltargon.FlickrImageGalleryTests;
				PRODUCT_NAME = "$(TARGET_NAME)";
				SWIFT_VERSION = 5.0;
				TARGETED_DEVICE_FAMILY = "1,2";
				TEST_HOST = "$(BUILT_PRODUCTS_DIR)/FlickrImageGallery.app/FlickrImageGallery";
			};
			name = Debug;
		};
		B586BAC6257423BA00C54D09 /* Release */ = {
			isa = XCBuildConfiguration;
			buildSettings = {
				ALWAYS_EMBED_SWIFT_STANDARD_LIBRARIES = YES;
				BUNDLE_LOADER = "$(TEST_HOST)";
				CODE_SIGN_STYLE = Automatic;
				DEVELOPMENT_TEAM = SGK9UE4P7G;
				INFOPLIST_FILE = FlickrImageGalleryTests/Info.plist;
				IPHONEOS_DEPLOYMENT_TARGET = 14.1;
				LD_RUNPATH_SEARCH_PATHS = (
					"$(inherited)",
					"@executable_path/Frameworks",
					"@loader_path/Frameworks",
				);
				PRODUCT_BUNDLE_IDENTIFIER = gabrieltargon.FlickrImageGalleryTests;
				PRODUCT_NAME = "$(TARGET_NAME)";
				SWIFT_VERSION = 5.0;
				TARGETED_DEVICE_FAMILY = "1,2";
				TEST_HOST = "$(BUILT_PRODUCTS_DIR)/FlickrImageGallery.app/FlickrImageGallery";
			};
			name = Release;
		};
/* End XCBuildConfiguration section */

/* Begin XCConfigurationList section */
		B586BA92257423B900C54D09 /* Build configuration list for PBXProject "FlickrImageGallery" */ = {
			isa = XCConfigurationList;
			buildConfigurations = (
				B586BABF257423BA00C54D09 /* Debug */,
				B586BAC0257423BA00C54D09 /* Release */,
			);
			defaultConfigurationIsVisible = 0;
			defaultConfigurationName = Release;
		};
		B586BAC1257423BA00C54D09 /* Build configuration list for PBXNativeTarget "FlickrImageGallery" */ = {
			isa = XCConfigurationList;
			buildConfigurations = (
				B586BAC2257423BA00C54D09 /* Debug */,
				B586BAC3257423BA00C54D09 /* Release */,
			);
			defaultConfigurationIsVisible = 0;
			defaultConfigurationName = Release;
		};
		B586BAC4257423BA00C54D09 /* Build configuration list for PBXNativeTarget "FlickrImageGalleryTests" */ = {
			isa = XCConfigurationList;
			buildConfigurations = (
				B586BAC5257423BA00C54D09 /* Debug */,
				B586BAC6257423BA00C54D09 /* Release */,
			);
			defaultConfigurationIsVisible = 0;
			defaultConfigurationName = Release;
		};
/* End XCConfigurationList section */
	};
	rootObject = B586BA8F257423B900C54D09 /* Project object */;
}
